// !$*UTF8*$!
{
	archiveVersion = 1;
	classes = {
	};
	objectVersion = 46;
	objects = {

/* Begin PBXBuildFile section */
		2828292416B11F0F00426B92 /* Foundation.framework in Frameworks */ = {isa = PBXBuildFile; fileRef = 2828292316B11F0F00426B92 /* Foundation.framework */; };
		2828292916B11F0F00426B92 /* TestProject_Library.h in CopyFiles */ = {isa = PBXBuildFile; fileRef = 2828292816B11F0F00426B92 /* TestProject_Library.h */; };
		2828292B16B11F0F00426B92 /* TestProject_Library.m in Sources */ = {isa = PBXBuildFile; fileRef = 2828292A16B11F0F00426B92 /* TestProject_Library.m */; };
		2828293516B11F0F00426B92 /* UIKit.framework in Frameworks */ = {isa = PBXBuildFile; fileRef = 2828293416B11F0F00426B92 /* UIKit.framework */; };
		2828293616B11F0F00426B92 /* Foundation.framework in Frameworks */ = {isa = PBXBuildFile; fileRef = 2828292316B11F0F00426B92 /* Foundation.framework */; };
		2828293916B11F0F00426B92 /* libTestProject-Library.a in Frameworks */ = {isa = PBXBuildFile; fileRef = 2828292016B11F0F00426B92 /* libTestProject-Library.a */; };
		2828293F16B11F0F00426B92 /* InfoPlist.strings in Resources */ = {isa = PBXBuildFile; fileRef = 2828293D16B11F0F00426B92 /* InfoPlist.strings */; };
		2828294216B11F0F00426B92 /* SomeTests.m in Sources */ = {isa = PBXBuildFile; fileRef = 2828294116B11F0F00426B92 /* SomeTests.m */; };
		28A33D1316CF4FFD00C5EE2A /* OtherTests.m in Sources */ = {isa = PBXBuildFile; fileRef = 28A33D1216CF4FFD00C5EE2A /* OtherTests.m */; };
		28B3C3AF1731B33C00EC75E5 /* DisabledTests.m in Sources */ = {isa = PBXBuildFile; fileRef = 28B3C3AE1731B33C00EC75E5 /* DisabledTests.m */; };
		CC169F021B66F9F200C431D5 /* SomeTests.m in Sources */ = {isa = PBXBuildFile; fileRef = 2828294116B11F0F00426B92 /* SomeTests.m */; };
		CC169F031B66F9F200C431D5 /* OtherTests.m in Sources */ = {isa = PBXBuildFile; fileRef = 28A33D1216CF4FFD00C5EE2A /* OtherTests.m */; };
		CC169F041B66F9F200C431D5 /* DisabledTests.m in Sources */ = {isa = PBXBuildFile; fileRef = 28B3C3AE1731B33C00EC75E5 /* DisabledTests.m */; };
		CC169F071B66F9F200C431D5 /* UIKit.framework in Frameworks */ = {isa = PBXBuildFile; fileRef = 2828293416B11F0F00426B92 /* UIKit.framework */; };
		CC169F081B66F9F200C431D5 /* Foundation.framework in Frameworks */ = {isa = PBXBuildFile; fileRef = 2828292316B11F0F00426B92 /* Foundation.framework */; };
		CC169F091B66F9F200C431D5 /* libTestProject-Library.a in Frameworks */ = {isa = PBXBuildFile; fileRef = 2828292016B11F0F00426B92 /* libTestProject-Library.a */; };
		CC169F0B1B66F9F200C431D5 /* InfoPlist.strings in Resources */ = {isa = PBXBuildFile; fileRef = 2828293D16B11F0F00426B92 /* InfoPlist.strings */; };
/* End PBXBuildFile section */

/* Begin PBXCopyFilesBuildPhase section */
		2828291E16B11F0F00426B92 /* CopyFiles */ = {
			isa = PBXCopyFilesBuildPhase;
			buildActionMask = 2147483647;
			dstPath = "include/${PRODUCT_NAME}";
			dstSubfolderSpec = 16;
			files = (
				2828292916B11F0F00426B92 /* TestProject_Library.h in CopyFiles */,
			);
			runOnlyForDeploymentPostprocessing = 0;
		};
/* End PBXCopyFilesBuildPhase section */

/* Begin PBXFileReference section */
		2828292016B11F0F00426B92 /* libTestProject-Library.a */ = {isa = PBXFileReference; explicitFileType = archive.ar; includeInIndex = 0; path = "libTestProject-Library.a"; sourceTree = BUILT_PRODUCTS_DIR; };
		2828292316B11F0F00426B92 /* Foundation.framework */ = {isa = PBXFileReference; lastKnownFileType = wrapper.framework; name = Foundation.framework; path = System/Library/Frameworks/Foundation.framework; sourceTree = SDKROOT; };
		2828292716B11F0F00426B92 /* TestProject-Library-Prefix.pch */ = {isa = PBXFileReference; lastKnownFileType = sourcecode.c.h; path = "TestProject-Library-Prefix.pch"; sourceTree = "<group>"; };
		2828292816B11F0F00426B92 /* TestProject_Library.h */ = {isa = PBXFileReference; lastKnownFileType = sourcecode.c.h; path = TestProject_Library.h; sourceTree = "<group>"; };
		2828292A16B11F0F00426B92 /* TestProject_Library.m */ = {isa = PBXFileReference; lastKnownFileType = sourcecode.c.objc; path = TestProject_Library.m; sourceTree = "<group>"; };
		2828293116B11F0F00426B92 /* TestProject-LibraryTests.xctest */ = {isa = PBXFileReference; explicitFileType = wrapper.cfbundle; includeInIndex = 0; path = "TestProject-LibraryTests.xctest"; sourceTree = BUILT_PRODUCTS_DIR; };
		2828293416B11F0F00426B92 /* UIKit.framework */ = {isa = PBXFileReference; lastKnownFileType = wrapper.framework; name = UIKit.framework; path = Library/Frameworks/UIKit.framework; sourceTree = DEVELOPER_DIR; };
		2828293C16B11F0F00426B92 /* TestProject-LibraryTests-Info.plist */ = {isa = PBXFileReference; lastKnownFileType = text.plist.xml; path = "TestProject-LibraryTests-Info.plist"; sourceTree = "<group>"; };
		2828293E16B11F0F00426B92 /* en */ = {isa = PBXFileReference; lastKnownFileType = text.plist.strings; name = en; path = en.lproj/InfoPlist.strings; sourceTree = "<group>"; };
		2828294016B11F0F00426B92 /* SomeTests.h */ = {isa = PBXFileReference; lastKnownFileType = sourcecode.c.h; path = SomeTests.h; sourceTree = "<group>"; };
		2828294116B11F0F00426B92 /* SomeTests.m */ = {isa = PBXFileReference; lastKnownFileType = sourcecode.c.objc; path = SomeTests.m; sourceTree = "<group>"; };
		28A33D1116CF4FFD00C5EE2A /* OtherTests.h */ = {isa = PBXFileReference; fileEncoding = 4; lastKnownFileType = sourcecode.c.h; path = OtherTests.h; sourceTree = "<group>"; };
		28A33D1216CF4FFD00C5EE2A /* OtherTests.m */ = {isa = PBXFileReference; fileEncoding = 4; lastKnownFileType = sourcecode.c.objc; path = OtherTests.m; sourceTree = "<group>"; };
		28B3C3AD1731B33C00EC75E5 /* DisabledTests.h */ = {isa = PBXFileReference; fileEncoding = 4; lastKnownFileType = sourcecode.c.h; path = DisabledTests.h; sourceTree = "<group>"; };
		28B3C3AE1731B33C00EC75E5 /* DisabledTests.m */ = {isa = PBXFileReference; fileEncoding = 4; lastKnownFileType = sourcecode.c.objc; path = DisabledTests.m; sourceTree = "<group>"; };
		CC169F101B66F9F200C431D5 /* Target-Name-With-Spaces.octest */ = {isa = PBXFileReference; explicitFileType = wrapper.cfbundle; includeInIndex = 0; path = "Target-Name-With-Spaces.octest"; sourceTree = BUILT_PRODUCTS_DIR; };
		CC169F111B66F9F200C431D5 /* TestProject-Target-Name-With-Spaces-Info.plist */ = {isa = PBXFileReference; lastKnownFileType = text.plist.xml; name = "TestProject-Target-Name-With-Spaces-Info.plist"; path = "/Users/nekto/Projects/xctool/xctool/xctool-tests/TestData/TestProject-Library/TestProject-Target-Name-With-Spaces-Info.plist"; sourceTree = "<absolute>"; };
/* End PBXFileReference section */

/* Begin PBXFrameworksBuildPhase section */
		2828291D16B11F0F00426B92 /* Frameworks */ = {
			isa = PBXFrameworksBuildPhase;
			buildActionMask = 2147483647;
			files = (
				2828292416B11F0F00426B92 /* Foundation.framework in Frameworks */,
			);
			runOnlyForDeploymentPostprocessing = 0;
		};
		2828292D16B11F0F00426B92 /* Frameworks */ = {
			isa = PBXFrameworksBuildPhase;
			buildActionMask = 2147483647;
			files = (
				2828293516B11F0F00426B92 /* UIKit.framework in Frameworks */,
				2828293616B11F0F00426B92 /* Foundation.framework in Frameworks */,
				2828293916B11F0F00426B92 /* libTestProject-Library.a in Frameworks */,
			);
			runOnlyForDeploymentPostprocessing = 0;
		};
		CC169F051B66F9F200C431D5 /* Frameworks */ = {
			isa = PBXFrameworksBuildPhase;
			buildActionMask = 2147483647;
			files = (
				CC169F071B66F9F200C431D5 /* UIKit.framework in Frameworks */,
				CC169F081B66F9F200C431D5 /* Foundation.framework in Frameworks */,
				CC169F091B66F9F200C431D5 /* libTestProject-Library.a in Frameworks */,
			);
			runOnlyForDeploymentPostprocessing = 0;
		};
/* End PBXFrameworksBuildPhase section */

/* Begin PBXGroup section */
		2828291516B11F0F00426B92 = {
			isa = PBXGroup;
			children = (
				2828292516B11F0F00426B92 /* TestProject-Library */,
				2828293A16B11F0F00426B92 /* TestProject-LibraryTests */,
				2828292216B11F0F00426B92 /* Frameworks */,
				2828292116B11F0F00426B92 /* Products */,
			);
			sourceTree = "<group>";
		};
		2828292116B11F0F00426B92 /* Products */ = {
			isa = PBXGroup;
			children = (
				2828292016B11F0F00426B92 /* libTestProject-Library.a */,
				2828293116B11F0F00426B92 /* TestProject-LibraryTests.xctest */,
				CC169F101B66F9F200C431D5 /* Target-Name-With-Spaces.octest */,
			);
			name = Products;
			sourceTree = "<group>";
		};
		2828292216B11F0F00426B92 /* Frameworks */ = {
			isa = PBXGroup;
			children = (
				2828292316B11F0F00426B92 /* Foundation.framework */,
				2828293416B11F0F00426B92 /* UIKit.framework */,
			);
			name = Frameworks;
			sourceTree = "<group>";
		};
		2828292516B11F0F00426B92 /* TestProject-Library */ = {
			isa = PBXGroup;
			children = (
				2828292816B11F0F00426B92 /* TestProject_Library.h */,
				2828292A16B11F0F00426B92 /* TestProject_Library.m */,
				2828292616B11F0F00426B92 /* Supporting Files */,
			);
			path = "TestProject-Library";
			sourceTree = "<group>";
		};
		2828292616B11F0F00426B92 /* Supporting Files */ = {
			isa = PBXGroup;
			children = (
				2828292716B11F0F00426B92 /* TestProject-Library-Prefix.pch */,
			);
			name = "Supporting Files";
			sourceTree = "<group>";
		};
		2828293A16B11F0F00426B92 /* TestProject-LibraryTests */ = {
			isa = PBXGroup;
			children = (
				2828294016B11F0F00426B92 /* SomeTests.h */,
				2828294116B11F0F00426B92 /* SomeTests.m */,
				2828293B16B11F0F00426B92 /* Supporting Files */,
				28A33D1116CF4FFD00C5EE2A /* OtherTests.h */,
				28A33D1216CF4FFD00C5EE2A /* OtherTests.m */,
				28B3C3AD1731B33C00EC75E5 /* DisabledTests.h */,
				28B3C3AE1731B33C00EC75E5 /* DisabledTests.m */,
			);
			path = "TestProject-LibraryTests";
			sourceTree = "<group>";
		};
		2828293B16B11F0F00426B92 /* Supporting Files */ = {
			isa = PBXGroup;
			children = (
				CC169F111B66F9F200C431D5 /* TestProject-Target-Name-With-Spaces-Info.plist */,
				2828293C16B11F0F00426B92 /* TestProject-LibraryTests-Info.plist */,
				2828293D16B11F0F00426B92 /* InfoPlist.strings */,
			);
			name = "Supporting Files";
			sourceTree = "<group>";
		};
/* End PBXGroup section */

/* Begin PBXNativeTarget section */
		2828291F16B11F0F00426B92 /* TestProject-Library */ = {
			isa = PBXNativeTarget;
			buildConfigurationList = 2828294516B11F0F00426B92 /* Build configuration list for PBXNativeTarget "TestProject-Library" */;
			buildPhases = (
				2828291C16B11F0F00426B92 /* Sources */,
				2828291D16B11F0F00426B92 /* Frameworks */,
				2828291E16B11F0F00426B92 /* CopyFiles */,
			);
			buildRules = (
			);
			dependencies = (
			);
			name = "TestProject-Library";
			productName = "TestProject-Library";
			productReference = 2828292016B11F0F00426B92 /* libTestProject-Library.a */;
			productType = "com.apple.product-type.library.static";
		};
		2828293016B11F0F00426B92 /* TestProject-LibraryTests */ = {
			isa = PBXNativeTarget;
			buildConfigurationList = 2828294816B11F0F00426B92 /* Build configuration list for PBXNativeTarget "TestProject-LibraryTests" */;
			buildPhases = (
				2828292C16B11F0F00426B92 /* Sources */,
				2828292D16B11F0F00426B92 /* Frameworks */,
				2828292E16B11F0F00426B92 /* Resources */,
				2828292F16B11F0F00426B92 /* ShellScript */,
			);
			buildRules = (
			);
			dependencies = (
			);
			name = "TestProject-LibraryTests";
			productName = "TestProject-LibraryTests";
			productReference = 2828293116B11F0F00426B92 /* TestProject-LibraryTests.xctest */;
			productType = "com.apple.product-type.bundle.unit-test";
		};
		CC169F001B66F9F200C431D5 /* Target Name With Spaces */ = {
			isa = PBXNativeTarget;
			buildConfigurationList = CC169F0D1B66F9F200C431D5 /* Build configuration list for PBXNativeTarget "Target Name With Spaces" */;
			buildPhases = (
				CC169F011B66F9F200C431D5 /* Sources */,
				CC169F051B66F9F200C431D5 /* Frameworks */,
				CC169F0A1B66F9F200C431D5 /* Resources */,
				CC169F0C1B66F9F200C431D5 /* ShellScript */,
			);
			buildRules = (
			);
			dependencies = (
			);
			name = "Target Name With Spaces";
			productName = "TestProject-LibraryTests";
			productReference = CC169F101B66F9F200C431D5 /* Target-Name-With-Spaces.octest */;
			productType = "com.apple.product-type.bundle.ocunit-test";
		};
/* End PBXNativeTarget section */

/* Begin PBXProject section */
		2828291716B11F0F00426B92 /* Project object */ = {
			isa = PBXProject;
			attributes = {
				LastUpgradeCheck = 0500;
			};
			buildConfigurationList = 2828291A16B11F0F00426B92 /* Build configuration list for PBXProject "TestProject-Library" */;
			compatibilityVersion = "Xcode 3.2";
			developmentRegion = English;
			hasScannedForEncodings = 0;
			knownRegions = (
				en,
			);
			mainGroup = 2828291516B11F0F00426B92;
			productRefGroup = 2828292116B11F0F00426B92 /* Products */;
			projectDirPath = "";
			projectRoot = "";
			targets = (
				2828291F16B11F0F00426B92 /* TestProject-Library */,
				2828293016B11F0F00426B92 /* TestProject-LibraryTests */,
				CC169F001B66F9F200C431D5 /* Target Name With Spaces */,
			);
		};
/* End PBXProject section */

/* Begin PBXResourcesBuildPhase section */
		2828292E16B11F0F00426B92 /* Resources */ = {
			isa = PBXResourcesBuildPhase;
			buildActionMask = 2147483647;
			files = (
				2828293F16B11F0F00426B92 /* InfoPlist.strings in Resources */,
			);
			runOnlyForDeploymentPostprocessing = 0;
		};
		CC169F0A1B66F9F200C431D5 /* Resources */ = {
			isa = PBXResourcesBuildPhase;
			buildActionMask = 2147483647;
			files = (
				CC169F0B1B66F9F200C431D5 /* InfoPlist.strings in Resources */,
			);
			runOnlyForDeploymentPostprocessing = 0;
		};
/* End PBXResourcesBuildPhase section */

/* Begin PBXShellScriptBuildPhase section */
		2828292F16B11F0F00426B92 /* ShellScript */ = {
			isa = PBXShellScriptBuildPhase;
			buildActionMask = 2147483647;
			files = (
			);
			inputPaths = (
			);
			outputPaths = (
			);
			runOnlyForDeploymentPostprocessing = 0;
			shellPath = /bin/sh;
			shellScript = "# Run the unit tests in this test bundle.\n\"${SYSTEM_DEVELOPER_DIR}/Tools/RunUnitTests\"\n";
		};
		CC169F0C1B66F9F200C431D5 /* ShellScript */ = {
			isa = PBXShellScriptBuildPhase;
			buildActionMask = 2147483647;
			files = (
			);
			inputPaths = (
			);
			outputPaths = (
			);
			runOnlyForDeploymentPostprocessing = 0;
			shellPath = /bin/sh;
			shellScript = "# Run the unit tests in this test bundle.\n\"${SYSTEM_DEVELOPER_DIR}/Tools/RunUnitTests\"\n";
		};
/* End PBXShellScriptBuildPhase section */

/* Begin PBXSourcesBuildPhase section */
		2828291C16B11F0F00426B92 /* Sources */ = {
			isa = PBXSourcesBuildPhase;
			buildActionMask = 2147483647;
			files = (
				2828292B16B11F0F00426B92 /* TestProject_Library.m in Sources */,
			);
			runOnlyForDeploymentPostprocessing = 0;
		};
		2828292C16B11F0F00426B92 /* Sources */ = {
			isa = PBXSourcesBuildPhase;
			buildActionMask = 2147483647;
			files = (
				2828294216B11F0F00426B92 /* SomeTests.m in Sources */,
				28A33D1316CF4FFD00C5EE2A /* OtherTests.m in Sources */,
				28B3C3AF1731B33C00EC75E5 /* DisabledTests.m in Sources */,
			);
			runOnlyForDeploymentPostprocessing = 0;
		};
		CC169F011B66F9F200C431D5 /* Sources */ = {
			isa = PBXSourcesBuildPhase;
			buildActionMask = 2147483647;
			files = (
				CC169F021B66F9F200C431D5 /* SomeTests.m in Sources */,
				CC169F031B66F9F200C431D5 /* OtherTests.m in Sources */,
				CC169F041B66F9F200C431D5 /* DisabledTests.m in Sources */,
			);
			runOnlyForDeploymentPostprocessing = 0;
		};
/* End PBXSourcesBuildPhase section */

/* Begin PBXVariantGroup section */
		2828293D16B11F0F00426B92 /* InfoPlist.strings */ = {
			isa = PBXVariantGroup;
			children = (
				2828293E16B11F0F00426B92 /* en */,
			);
			name = InfoPlist.strings;
			sourceTree = "<group>";
		};
/* End PBXVariantGroup section */

/* Begin XCBuildConfiguration section */
		2828294316B11F0F00426B92 /* Debug */ = {
			isa = XCBuildConfiguration;
			buildSettings = {
				ALWAYS_SEARCH_USER_PATHS = NO;
				ARCHS = "$(ARCHS_STANDARD_INCLUDING_64_BIT)";
				CLANG_CXX_LANGUAGE_STANDARD = "gnu++0x";
				CLANG_CXX_LIBRARY = "libc++";
				CLANG_WARN_EMPTY_BODY = YES;
				CLANG_WARN__DUPLICATE_METHOD_MATCH = YES;
				COPY_PHASE_STRIP = NO;
				GCC_C_LANGUAGE_STANDARD = gnu99;
				GCC_DYNAMIC_NO_PIC = NO;
				GCC_OPTIMIZATION_LEVEL = 0;
				GCC_PREPROCESSOR_DEFINITIONS = (
					"DEBUG=1",
					"$(inherited)",
				);
				GCC_SYMBOLS_PRIVATE_EXTERN = NO;
				GCC_WARN_ABOUT_RETURN_TYPE = YES;
				GCC_WARN_UNINITIALIZED_AUTOS = YES;
				GCC_WARN_UNUSED_VARIABLE = YES;
				IPHONEOS_DEPLOYMENT_TARGET = 6.0;
				SDKROOT = iphoneos;
			};
			name = Debug;
		};
		2828294416B11F0F00426B92 /* Release */ = {
			isa = XCBuildConfiguration;
			buildSettings = {
				ALWAYS_SEARCH_USER_PATHS = NO;
				ARCHS = "$(ARCHS_STANDARD_INCLUDING_64_BIT)";
				CLANG_CXX_LANGUAGE_STANDARD = "gnu++0x";
				CLANG_CXX_LIBRARY = "libc++";
				CLANG_WARN_EMPTY_BODY = YES;
				CLANG_WARN__DUPLICATE_METHOD_MATCH = YES;
				COPY_PHASE_STRIP = YES;
				GCC_C_LANGUAGE_STANDARD = gnu99;
				GCC_WARN_ABOUT_RETURN_TYPE = YES;
				GCC_WARN_UNINITIALIZED_AUTOS = YES;
				GCC_WARN_UNUSED_VARIABLE = YES;
				IPHONEOS_DEPLOYMENT_TARGET = 6.0;
				SDKROOT = iphoneos;
				VALIDATE_PRODUCT = YES;
			};
			name = Release;
		};
		2828294616B11F0F00426B92 /* Debug */ = {
			isa = XCBuildConfiguration;
			buildSettings = {
				DSTROOT = /tmp/TestProject_Library.dst;
				GCC_PRECOMPILE_PREFIX_HEADER = YES;
				GCC_PREFIX_HEADER = "TestProject-Library/TestProject-Library-Prefix.pch";
				PRODUCT_NAME = "$(TARGET_NAME)";
				SKIP_INSTALL = YES;
			};
			name = Debug;
		};
		2828294716B11F0F00426B92 /* Release */ = {
			isa = XCBuildConfiguration;
			buildSettings = {
				DSTROOT = /tmp/TestProject_Library.dst;
				GCC_PRECOMPILE_PREFIX_HEADER = YES;
				GCC_PREFIX_HEADER = "TestProject-Library/TestProject-Library-Prefix.pch";
				PRODUCT_NAME = "$(TARGET_NAME)";
				SKIP_INSTALL = YES;
			};
			name = Release;
		};
		2828294916B11F0F00426B92 /* Debug */ = {
			isa = XCBuildConfiguration;
			buildSettings = {
				ARCHS = (
					armv7,
					armv7s,
				);
				FRAMEWORK_SEARCH_PATHS = (
					"\"$(SDKROOT)/Developer/Library/Frameworks\"",
					"\"$(DEVELOPER_LIBRARY_DIR)/Frameworks\"",
					"$(inherited)",
				);
				GCC_PRECOMPILE_PREFIX_HEADER = YES;
				GCC_PREFIX_HEADER = "TestProject-Library/TestProject-Library-Prefix.pch";
				INFOPLIST_FILE = "TestProject-LibraryTests/TestProject-LibraryTests-Info.plist";
				PRODUCT_NAME = "$(TARGET_NAME)";
				VALID_ARCHS = "armv7 armv7s";
			};
			name = Debug;
		};
		2828294A16B11F0F00426B92 /* Release */ = {
			isa = XCBuildConfiguration;
			buildSettings = {
				ARCHS = (
					armv7,
					armv7s,
				);
				FRAMEWORK_SEARCH_PATHS = (
					"\"$(SDKROOT)/Developer/Library/Frameworks\"",
					"\"$(DEVELOPER_LIBRARY_DIR)/Frameworks\"",
					"$(inherited)",
				);
				GCC_PRECOMPILE_PREFIX_HEADER = YES;
				GCC_PREFIX_HEADER = "TestProject-Library/TestProject-Library-Prefix.pch";
				INFOPLIST_FILE = "TestProject-LibraryTests/TestProject-LibraryTests-Info.plist";
				PRODUCT_NAME = "$(TARGET_NAME)";
				VALID_ARCHS = "armv7 armv7s";
			};
			name = Release;
		};
		CC169F0E1B66F9F200C431D5 /* Debug */ = {
			isa = XCBuildConfiguration;
			buildSettings = {
				ARCHS = (
					armv7,
					armv7s,
				);
				FRAMEWORK_SEARCH_PATHS = (
					"\"$(SDKROOT)/Developer/Library/Frameworks\"",
					"\"$(DEVELOPER_LIBRARY_DIR)/Frameworks\"",
				);
				GCC_PRECOMPILE_PREFIX_HEADER = YES;
				GCC_PREFIX_HEADER = "TestProject-Library/TestProject-Library-Prefix.pch";
				INFOPLIST_FILE = "TestProject-Target-Name-With-Spaces-Info.plist";
				PRODUCT_NAME = "Target-Name-With-Spaces";
				VALID_ARCHS = "armv7 armv7s";
				WRAPPER_EXTENSION = octest;
			};
			name = Debug;
		};
		CC169F0F1B66F9F200C431D5 /* Release */ = {
			isa = XCBuildConfiguration;
			buildSettings = {
				ARCHS = (
					armv7,
					armv7s,
				);
				FRAMEWORK_SEARCH_PATHS = (
					"\"$(SDKROOT)/Developer/Library/Frameworks\"",
					"\"$(DEVELOPER_LIBRARY_DIR)/Frameworks\"",
				);
				GCC_PRECOMPILE_PREFIX_HEADER = YES;
				GCC_PREFIX_HEADER = "TestProject-Library/TestProject-Library-Prefix.pch";
				INFOPLIST_FILE = "TestProject-Target-Name-With-Spaces-Info.plist";
				PRODUCT_NAME = "Target-Name-With-Spaces";
				VALID_ARCHS = "armv7 armv7s";
				WRAPPER_EXTENSION = octest;
			};
			name = Release;
		};
/* End XCBuildConfiguration section */

/* Begin XCConfigurationList section */
		2828291A16B11F0F00426B92 /* Build configuration list for PBXProject "TestProject-Library" */ = {
			isa = XCConfigurationList;
			buildConfigurations = (
				2828294316B11F0F00426B92 /* Debug */,
				2828294416B11F0F00426B92 /* Release */,
			);
			defaultConfigurationIsVisible = 0;
			defaultConfigurationName = Release;
		};
		2828294516B11F0F00426B92 /* Build configuration list for PBXNativeTarget "TestProject-Library" */ = {
			isa = XCConfigurationList;
			buildConfigurations = (
				2828294616B11F0F00426B92 /* Debug */,
				2828294716B11F0F00426B92 /* Release */,
			);
			defaultConfigurationIsVisible = 0;
			defaultConfigurationName = Release;
		};
		2828294816B11F0F00426B92 /* Build configuration list for PBXNativeTarget "TestProject-LibraryTests" */ = {
			isa = XCConfigurationList;
			buildConfigurations = (
				2828294916B11F0F00426B92 /* Debug */,
				2828294A16B11F0F00426B92 /* Release */,
			);
			defaultConfigurationIsVisible = 0;
			defaultConfigurationName = Release;
		};
		CC169F0D1B66F9F200C431D5 /* Build configuration list for PBXNativeTarget "Target Name With Spaces" */ = {
			isa = XCConfigurationList;
			buildConfigurations = (
				CC169F0E1B66F9F200C431D5 /* Debug */,
				CC169F0F1B66F9F200C431D5 /* Release */,
			);
			defaultConfigurationIsVisible = 0;
			defaultConfigurationName = Release;
		};
/* End XCConfigurationList section */
	};
	rootObject = 2828291716B11F0F00426B92 /* Project object */;
}
